<?xml version="1.0" encoding="UTF-8" standalone="yes" ?>
<CodeBlocks_project_file>
	<FileVersion major="1" minor="6" />
	<Project>
		<Option title="RPG" />
		<Option pch_mode="2" />
		<Option compiler="gcc" />
		<Build>
			<Target title="Debug">
				<Option output="bin/Debug/RPG" prefix_auto="1" extension_auto="1" />
				<Option object_output="obj/Debug/" />
				<Option type="1" />
				<Option compiler="gcc" />
				<Compiler>
					<Add option="-g" />
				</Compiler>
			</Target>
			<Target title="Release">
				<Option output="bin/Release/RPG" prefix_auto="1" extension_auto="1" />
				<Option object_output="obj/Release/" />
				<Option type="1" />
				<Option compiler="gcc" />
				<Compiler>
					<Add option="-O2" />
				</Compiler>
				<Linker>
					<Add option="-s" />
				</Linker>
			</Target>
		</Build>
		<Compiler>
			<Add option="-Wall" />
			<Add option="-fexceptions" />
		</Compiler>
		<Unit filename="include/Gameplay.h" />
		<Unit filename="include/James.h" />
		<Unit filename="include/Joueur.h" />
		<Unit filename="include/Laffont.h" />
		<Unit filename="include/Personnage.h" />
		<Unit filename="include/UI.h" />
		<Unit filename="include/attaque.h" />
		<Unit filename="src/Attaque.cpp" />
		<Unit filename="src/Gameplay.cpp" />
		<Unit filename="src/James.cpp" />
		<Unit filename="src/Joueur.cpp" />
		<Unit filename="src/Laffont.cpp" />
		<Unit filename="src/Personnage.cpp" />
		<Unit filename="src/UI.cpp" />
		<Unit filename="src/main.cpp" />
		<Extensions>
			<code_completion />
			<envvars />
			<debugger />
			<lib_finder disable_auto="1" />
		</Extensions>
	</Project>
</CodeBlocks_project_file>
